<Solution>
  <Project Path="Динамические массивы/Динамические массивы.csproj" Id="7035058d-0ed0-42e7-90ae-6c06a27c534b" />
  <Project Path="Динамические структуры и списки/Динамические структуры и списки.csproj" Id="dc964938-5a90-4b77-b25d-2d8ce9faca44" />
  <Project Path="Коллекции. Динамические структуры данных/Коллекции. Динамические структуры данных..csproj" />
  <Project Path="Словари и множества/Словари и множества.csproj" Id="80fce34a-d76e-4bf9-910d-a61eb263a416" />
</Solution>
